
Microsoft Visual Studio Solution File, Format Version 12.00
# Visual Studio Version 17
VisualStudioVersion = 17.5.002.0
MinimumVisualStudioVersion = 10.0.40219.1
Project("{9A19103F-16F7-4668-BE54-9A1E7A4F7556}") = "funções", "funções.csproj", "{CAE5D6CC-F1BC-404A-B5A5-10ED8B5571B1}"
EndProject
Global
	GlobalSection(SolutionConfigurationPlatforms) = preSolution
		Debug|Any CPU = Debug|Any CPU
		Release|Any CPU = Release|Any CPU
	EndGlobalSection
	GlobalSection(ProjectConfigurationPlatforms) = postSolution
		{CAE5D6CC-F1BC-404A-B5A5-10ED8B5571B1}.Debug|Any CPU.ActiveCfg = Debug|Any CPU
		{CAE5D6CC-F1BC-404A-B5A5-10ED8B5571B1}.Debug|Any CPU.Build.0 = Debug|Any CPU
		{CAE5D6CC-F1BC-404A-B5A5-10ED8B5571B1}.Release|Any CPU.ActiveCfg = Release|Any CPU
		{CAE5D6CC-F1BC-404A-B5A5-10ED8B5571B1}.Release|Any CPU.Build.0 = Release|Any CPU
	EndGlobalSection
	GlobalSection(SolutionProperties) = preSolution
		HideSolutionNode = FALSE
	EndGlobalSection
	GlobalSection(ExtensibilityGlobals) = postSolution
		SolutionGuid = {C7DD50A2-845C-4044-8754-D6C6E1711412}
	EndGlobalSection
EndGlobal
